
Microsoft Visual Studio Solution File, Format Version 12.00
# Visual Studio Version 17
VisualStudioVersion = 17.0.32112.339
MinimumVisualStudioVersion = 10.0.40219.1
Project("{FAE04EC0-301F-11D3-BF4B-00C04F79EFBC}") = "Api_Marvel_Heros", "Api_Marvel_Heros.csproj", "{07E8DDA4-F4B4-4217-9330-6148001C4F62}"
EndProject
Global
	GlobalSection(SolutionConfigurationPlatforms) = preSolution
		Debug|Any CPU = Debug|Any CPU
		Release|Any CPU = Release|Any CPU
	EndGlobalSection
	GlobalSection(ProjectConfigurationPlatforms) = postSolution
		{07E8DDA4-F4B4-4217-9330-6148001C4F62}.Debug|Any CPU.ActiveCfg = Debug|Any CPU
		{07E8DDA4-F4B4-4217-9330-6148001C4F62}.Debug|Any CPU.Build.0 = Debug|Any CPU
		{07E8DDA4-F4B4-4217-9330-6148001C4F62}.Release|Any CPU.ActiveCfg = Release|Any CPU
		{07E8DDA4-F4B4-4217-9330-6148001C4F62}.Release|Any CPU.Build.0 = Release|Any CPU
	EndGlobalSection
	GlobalSection(SolutionProperties) = preSolution
		HideSolutionNode = FALSE
	EndGlobalSection
	GlobalSection(ExtensibilityGlobals) = postSolution
		SolutionGuid = {162106D0-3992-415C-9DAC-DDA70CFE1F9E}
	EndGlobalSection
EndGlobal
